
Microsoft Visual Studio Solution File, Format Version 12.00
# Visual Studio Version 17
VisualStudioVersion = 17.1.32421.90
MinimumVisualStudioVersion = 10.0.40219.1
Project("{9A19103F-16F7-4668-BE54-9A1E7A4F7556}") = "LeetCode", "LeetCode\LeetCode.csproj", "{51952092-06AA-43CC-A6C8-0459675AEB70}"
EndProject
Project("{FAE04EC0-301F-11D3-BF4B-00C04F79EFBC}") = "DynamicProgrammingTests", "DynamicProgrammingTests\DynamicProgrammingTests.csproj", "{635F6208-AAEB-42F4-AC5F-2E67A49B7799}"
EndProject
Project("{2150E333-8FDC-42A3-9474-1A3956D46DE8}") = "Solution Items", "Solution Items", "{131DCCB4-6478-4B72-B08D-F32661051929}"
	ProjectSection(SolutionItems) = preProject
		.editorconfig = .editorconfig
	EndProjectSection
EndProject
Global
	GlobalSection(SolutionConfigurationPlatforms) = preSolution
		Debug|Any CPU = Debug|Any CPU
		Release|Any CPU = Release|Any CPU
	EndGlobalSection
	GlobalSection(ProjectConfigurationPlatforms) = postSolution
		{51952092-06AA-43CC-A6C8-0459675AEB70}.Debug|Any CPU.ActiveCfg = Debug|Any CPU
		{51952092-06AA-43CC-A6C8-0459675AEB70}.Debug|Any CPU.Build.0 = Debug|Any CPU
		{51952092-06AA-43CC-A6C8-0459675AEB70}.Release|Any CPU.ActiveCfg = Release|Any CPU
		{51952092-06AA-43CC-A6C8-0459675AEB70}.Release|Any CPU.Build.0 = Release|Any CPU
		{635F6208-AAEB-42F4-AC5F-2E67A49B7799}.Debug|Any CPU.ActiveCfg = Debug|Any CPU
		{635F6208-AAEB-42F4-AC5F-2E67A49B7799}.Debug|Any CPU.Build.0 = Debug|Any CPU
		{635F6208-AAEB-42F4-AC5F-2E67A49B7799}.Release|Any CPU.ActiveCfg = Release|Any CPU
		{635F6208-AAEB-42F4-AC5F-2E67A49B7799}.Release|Any CPU.Build.0 = Release|Any CPU
	EndGlobalSection
	GlobalSection(SolutionProperties) = preSolution
		HideSolutionNode = FALSE
	EndGlobalSection
	GlobalSection(ExtensibilityGlobals) = postSolution
		SolutionGuid = {0D0E3F64-C98C-45FE-9B46-FDD4EFD42610}
	EndGlobalSection
EndGlobal
